// !$*UTF8*$!
{
	archiveVersion = 1;
	classes = {
	};
	objectVersion = 56;
	objects = {

/* Begin PBXBuildFile section */
		B15689462A064468004E0904 /* AppDelegate.swift in Sources */ = {isa = PBXBuildFile; fileRef = B15689452A064468004E0904 /* AppDelegate.swift */; };
		B15689482A064468004E0904 /* SceneDelegate.swift in Sources */ = {isa = PBXBuildFile; fileRef = B15689472A064468004E0904 /* SceneDelegate.swift */; };
		B156894A2A064468004E0904 /* ViewController.swift in Sources */ = {isa = PBXBuildFile; fileRef = B15689492A064468004E0904 /* ViewController.swift */; };
		B156894D2A064468004E0904 /* Main.storyboard in Resources */ = {isa = PBXBuildFile; fileRef = B156894B2A064468004E0904 /* Main.storyboard */; };
		B156894F2A064469004E0904 /* Assets.xcassets in Resources */ = {isa = PBXBuildFile; fileRef = B156894E2A064469004E0904 /* Assets.xcassets */; };
		B15689522A064469004E0904 /* LaunchScreen.storyboard in Resources */ = {isa = PBXBuildFile; fileRef = B15689502A064469004E0904 /* LaunchScreen.storyboard */; };
		B156895D2A064469004E0904 /* Project15Tests.swift in Sources */ = {isa = PBXBuildFile; fileRef = B156895C2A064469004E0904 /* Project15Tests.swift */; };
		B15689672A064469004E0904 /* Project15UITests.swift in Sources */ = {isa = PBXBuildFile; fileRef = B15689662A064469004E0904 /* Project15UITests.swift */; };
		B15689692A064469004E0904 /* Project15UITestsLaunchTests.swift in Sources */ = {isa = PBXBuildFile; fileRef = B15689682A064469004E0904 /* Project15UITestsLaunchTests.swift */; };
/* End PBXBuildFile section */

/* Begin PBXContainerItemProxy section */
		B15689592A064469004E0904 /* PBXContainerItemProxy */ = {
			isa = PBXContainerItemProxy;
			containerPortal = B156893A2A064468004E0904 /* Project object */;
			proxyType = 1;
			remoteGlobalIDString = B15689412A064468004E0904;
			remoteInfo = Project15;
		};
		B15689632A064469004E0904 /* PBXContainerItemProxy */ = {
			isa = PBXContainerItemProxy;
			containerPortal = B156893A2A064468004E0904 /* Project object */;
			proxyType = 1;
			remoteGlobalIDString = B15689412A064468004E0904;
			remoteInfo = Project15;
		};
/* End PBXContainerItemProxy section */

/* Begin PBXFileReference section */
		B15689422A064468004E0904 /* Project15.app */ = {isa = PBXFileReference; explicitFileType = wrapper.application; includeInIndex = 0; path = Project15.app; sourceTree = BUILT_PRODUCTS_DIR; };
		B15689452A064468004E0904 /* AppDelegate.swift */ = {isa = PBXFileReference; lastKnownFileType = sourcecode.swift; path = AppDelegate.swift; sourceTree = "<group>"; };
		B15689472A064468004E0904 /* SceneDelegate.swift */ = {isa = PBXFileReference; lastKnownFileType = sourcecode.swift; path = SceneDelegate.swift; sourceTree = "<group>"; };
		B15689492A064468004E0904 /* ViewController.swift */ = {isa = PBXFileReference; lastKnownFileType = sourcecode.swift; path = ViewController.swift; sourceTree = "<group>"; };
		B156894C2A064468004E0904 /* Base */ = {isa = PBXFileReference; lastKnownFileType = file.storyboard; name = Base; path = Base.lproj/Main.storyboard; sourceTree = "<group>"; };
		B156894E2A064469004E0904 /* Assets.xcassets */ = {isa = PBXFileReference; lastKnownFileType = folder.assetcatalog; path = Assets.xcassets; sourceTree = "<group>"; };
		B15689512A064469004E0904 /* Base */ = {isa = PBXFileReference; lastKnownFileType = file.storyboard; name = Base; path = Base.lproj/LaunchScreen.storyboard; sourceTree = "<group>"; };
		B15689532A064469004E0904 /* Info.plist */ = {isa = PBXFileReference; lastKnownFileType = text.plist.xml; path = Info.plist; sourceTree = "<group>"; };
		B15689582A064469004E0904 /* Project15Tests.xctest */ = {isa = PBXFileReference; explicitFileType = wrapper.cfbundle; includeInIndex = 0; path = Project15Tests.xctest; sourceTree = BUILT_PRODUCTS_DIR; };
		B156895C2A064469004E0904 /* Project15Tests.swift */ = {isa = PBXFileReference; lastKnownFileType = sourcecode.swift; path = Project15Tests.swift; sourceTree = "<group>"; };
		B15689622A064469004E0904 /* Project15UITests.xctest */ = {isa = PBXFileReference; explicitFileType = wrapper.cfbundle; includeInIndex = 0; path = Project15UITests.xctest; sourceTree = BUILT_PRODUCTS_DIR; };
		B15689662A064469004E0904 /* Project15UITests.swift */ = {isa = PBXFileReference; lastKnownFileType = sourcecode.swift; path = Project15UITests.swift; sourceTree = "<group>"; };
		B15689682A064469004E0904 /* Project15UITestsLaunchTests.swift */ = {isa = PBXFileReference; lastKnownFileType = sourcecode.swift; path = Project15UITestsLaunchTests.swift; sourceTree = "<group>"; };
/* End PBXFileReference section */

/* Begin PBXFrameworksBuildPhase section */
		B156893F2A064468004E0904 /* Frameworks */ = {
			isa = PBXFrameworksBuildPhase;
			buildActionMask = 2147483647;
			files = (
			);
			runOnlyForDeploymentPostprocessing = 0;
		};
		B15689552A064469004E0904 /* Frameworks */ = {
			isa = PBXFrameworksBuildPhase;
			buildActionMask = 2147483647;
			files = (
			);
			runOnlyForDeploymentPostprocessing = 0;
		};
		B156895F2A064469004E0904 /* Frameworks */ = {
			isa = PBXFrameworksBuildPhase;
			buildActionMask = 2147483647;
			files = (
			);
			runOnlyForDeploymentPostprocessing = 0;
		};
/* End PBXFrameworksBuildPhase section */

/* Begin PBXGroup section */
		B15689392A064468004E0904 = {
			isa = PBXGroup;
			children = (
				B15689442A064468004E0904 /* Project15 */,
				B156895B2A064469004E0904 /* Project15Tests */,
				B15689652A064469004E0904 /* Project15UITests */,
				B15689432A064468004E0904 /* Products */,
			);
			sourceTree = "<group>";
		};
		B15689432A064468004E0904 /* Products */ = {
			isa = PBXGroup;
			children = (
				B15689422A064468004E0904 /* Project15.app */,
				B15689582A064469004E0904 /* Project15Tests.xctest */,
				B15689622A064469004E0904 /* Project15UITests.xctest */,
			);
			name = Products;
			sourceTree = "<group>";
		};
		B15689442A064468004E0904 /* Project15 */ = {
			isa = PBXGroup;
			children = (
				B15689452A064468004E0904 /* AppDelegate.swift */,
				B15689472A064468004E0904 /* SceneDelegate.swift */,
				B15689492A064468004E0904 /* ViewController.swift */,
				B156894B2A064468004E0904 /* Main.storyboard */,
				B156894E2A064469004E0904 /* Assets.xcassets */,
				B15689502A064469004E0904 /* LaunchScreen.storyboard */,
				B15689532A064469004E0904 /* Info.plist */,
			);
			path = Project15;
			sourceTree = "<group>";
		};
		B156895B2A064469004E0904 /* Project15Tests */ = {
			isa = PBXGroup;
			children = (
				B156895C2A064469004E0904 /* Project15Tests.swift */,
			);
			path = Project15Tests;
			sourceTree = "<group>";
		};
		B15689652A064469004E0904 /* Project15UITests */ = {
			isa = PBXGroup;
			children = (
				B15689662A064469004E0904 /* Project15UITests.swift */,
				B15689682A064469004E0904 /* Project15UITestsLaunchTests.swift */,
			);
			path = Project15UITests;
			sourceTree = "<group>";
		};
/* End PBXGroup section */

/* Begin PBXNativeTarget section */
		B15689412A064468004E0904 /* Project15 */ = {
			isa = PBXNativeTarget;
			buildConfigurationList = B156896C2A064469004E0904 /* Build configuration list for PBXNativeTarget "Project15" */;
			buildPhases = (
				B156893E2A064468004E0904 /* Sources */,
				B156893F2A064468004E0904 /* Frameworks */,
				B15689402A064468004E0904 /* Resources */,
			);
			buildRules = (
			);
			dependencies = (
			);
			name = Project15;
			productName = Project15;
			productReference = B15689422A064468004E0904 /* Project15.app */;
			productType = "com.apple.product-type.application";
		};
		B15689572A064469004E0904 /* Project15Tests */ = {
			isa = PBXNativeTarget;
			buildConfigurationList = B156896F2A064469004E0904 /* Build configuration list for PBXNativeTarget "Project15Tests" */;
			buildPhases = (
				B15689542A064469004E0904 /* Sources */,
				B15689552A064469004E0904 /* Frameworks */,
				B15689562A064469004E0904 /* Resources */,
			);
			buildRules = (
			);
			dependencies = (
				B156895A2A064469004E0904 /* PBXTargetDependency */,
			);
			name = Project15Tests;
			productName = Project15Tests;
			productReference = B15689582A064469004E0904 /* Project15Tests.xctest */;
			productType = "com.apple.product-type.bundle.unit-test";
		};
		B15689612A064469004E0904 /* Project15UITests */ = {
			isa = PBXNativeTarget;
			buildConfigurationList = B15689722A064469004E0904 /* Build configuration list for PBXNativeTarget "Project15UITests" */;
			buildPhases = (
				B156895E2A064469004E0904 /* Sources */,
				B156895F2A064469004E0904 /* Frameworks */,
				B15689602A064469004E0904 /* Resources */,
			);
			buildRules = (
			);
			dependencies = (
				B15689642A064469004E0904 /* PBXTargetDependency */,
			);
			name = Project15UITests;
			productName = Project15UITests;
			productReference = B15689622A064469004E0904 /* Project15UITests.xctest */;
			productType = "com.apple.product-type.bundle.ui-testing";
		};
/* End PBXNativeTarget section */

/* Begin PBXProject section */
		B156893A2A064468004E0904 /* Project object */ = {
			isa = PBXProject;
			attributes = {
				BuildIndependentTargetsInParallel = 1;
				LastSwiftUpdateCheck = 1430;
				LastUpgradeCheck = 1430;
				TargetAttributes = {
					B15689412A064468004E0904 = {
						CreatedOnToolsVersion = 14.3;
					};
					B15689572A064469004E0904 = {
						CreatedOnToolsVersion = 14.3;
						TestTargetID = B15689412A064468004E0904;
					};
					B15689612A064469004E0904 = {
						CreatedOnToolsVersion = 14.3;
						TestTargetID = B15689412A064468004E0904;
					};
				};
			};
			buildConfigurationList = B156893D2A064468004E0904 /* Build configuration list for PBXProject "Project15" */;
			compatibilityVersion = "Xcode 14.0";
			developmentRegion = en;
			hasScannedForEncodings = 0;
			knownRegions = (
				en,
				Base,
			);
			mainGroup = B15689392A064468004E0904;
			productRefGroup = B15689432A064468004E0904 /* Products */;
			projectDirPath = "";
			projectRoot = "";
			targets = (
				B15689412A064468004E0904 /* Project15 */,
				B15689572A064469004E0904 /* Project15Tests */,
				B15689612A064469004E0904 /* Project15UITests */,
			);
		};
/* End PBXProject section */

/* Begin PBXResourcesBuildPhase section */
		B15689402A064468004E0904 /* Resources */ = {
			isa = PBXResourcesBuildPhase;
			buildActionMask = 2147483647;
			files = (
				B15689522A064469004E0904 /* LaunchScreen.storyboard in Resources */,
				B156894F2A064469004E0904 /* Assets.xcassets in Resources */,
				B156894D2A064468004E0904 /* Main.storyboard in Resources */,
			);
			runOnlyForDeploymentPostprocessing = 0;
		};
		B15689562A064469004E0904 /* Resources */ = {
			isa = PBXResourcesBuildPhase;
			buildActionMask = 2147483647;
			files = (
			);
			runOnlyForDeploymentPostprocessing = 0;
		};
		B15689602A064469004E0904 /* Resources */ = {
			isa = PBXResourcesBuildPhase;
			buildActionMask = 2147483647;
			files = (
			);
			runOnlyForDeploymentPostprocessing = 0;
		};
/* End PBXResourcesBuildPhase section */

/* Begin PBXSourcesBuildPhase section */
		B156893E2A064468004E0904 /* Sources */ = {
			isa = PBXSourcesBuildPhase;
			buildActionMask = 2147483647;
			files = (
				B156894A2A064468004E0904 /* ViewController.swift in Sources */,
				B15689462A064468004E0904 /* AppDelegate.swift in Sources */,
				B15689482A064468004E0904 /* SceneDelegate.swift in Sources */,
			);
			runOnlyForDeploymentPostprocessing = 0;
		};
		B15689542A064469004E0904 /* Sources */ = {
			isa = PBXSourcesBuildPhase;
			buildActionMask = 2147483647;
			files = (
				B156895D2A064469004E0904 /* Project15Tests.swift in Sources */,
			);
			runOnlyForDeploymentPostprocessing = 0;
		};
		B156895E2A064469004E0904 /* Sources */ = {
			isa = PBXSourcesBuildPhase;
			buildActionMask = 2147483647;
			files = (
				B15689692A064469004E0904 /* Project15UITestsLaunchTests.swift in Sources */,
				B15689672A064469004E0904 /* Project15UITests.swift in Sources */,
			);
			runOnlyForDeploymentPostprocessing = 0;
		};
/* End PBXSourcesBuildPhase section */

/* Begin PBXTargetDependency section */
		B156895A2A064469004E0904 /* PBXTargetDependency */ = {
			isa = PBXTargetDependency;
			target = B15689412A064468004E0904 /* Project15 */;
			targetProxy = B15689592A064469004E0904 /* PBXContainerItemProxy */;
		};
		B15689642A064469004E0904 /* PBXTargetDependency */ = {
			isa = PBXTargetDependency;
			target = B15689412A064468004E0904 /* Project15 */;
			targetProxy = B15689632A064469004E0904 /* PBXContainerItemProxy */;
		};
/* End PBXTargetDependency section */

/* Begin PBXVariantGroup section */
		B156894B2A064468004E0904 /* Main.storyboard */ = {
			isa = PBXVariantGroup;
			children = (
				B156894C2A064468004E0904 /* Base */,
			);
			name = Main.storyboard;
			sourceTree = "<group>";
		};
		B15689502A064469004E0904 /* LaunchScreen.storyboard */ = {
			isa = PBXVariantGroup;
			children = (
				B15689512A064469004E0904 /* Base */,
			);
			name = LaunchScreen.storyboard;
			sourceTree = "<group>";
		};
/* End PBXVariantGroup section */

/* Begin XCBuildConfiguration section */
		B156896A2A064469004E0904 /* Debug */ = {
			isa = XCBuildConfiguration;
			buildSettings = {
				ALWAYS_SEARCH_USER_PATHS = NO;
				CLANG_ANALYZER_NONNULL = YES;
				CLANG_ANALYZER_NUMBER_OBJECT_CONVERSION = YES_AGGRESSIVE;
				CLANG_CXX_LANGUAGE_STANDARD = "gnu++20";
				CLANG_ENABLE_MODULES = YES;
				CLANG_ENABLE_OBJC_ARC = YES;
				CLANG_ENABLE_OBJC_WEAK = YES;
				CLANG_WARN_BLOCK_CAPTURE_AUTORELEASING = YES;
				CLANG_WARN_BOOL_CONVERSION = YES;
				CLANG_WARN_COMMA = YES;
				CLANG_WARN_CONSTANT_CONVERSION = YES;
				CLANG_WARN_DEPRECATED_OBJC_IMPLEMENTATIONS = YES;
				CLANG_WARN_DIRECT_OBJC_ISA_USAGE = YES_ERROR;
				CLANG_WARN_DOCUMENTATION_COMMENTS = YES;
				CLANG_WARN_EMPTY_BODY = YES;
				CLANG_WARN_ENUM_CONVERSION = YES;
				CLANG_WARN_INFINITE_RECURSION = YES;
				CLANG_WARN_INT_CONVERSION = YES;
				CLANG_WARN_NON_LITERAL_NULL_CONVERSION = YES;
				CLANG_WARN_OBJC_IMPLICIT_RETAIN_SELF = YES;
				CLANG_WARN_OBJC_LITERAL_CONVERSION = YES;
				CLANG_WARN_OBJC_ROOT_CLASS = YES_ERROR;
				CLANG_WARN_QUOTED_INCLUDE_IN_FRAMEWORK_HEADER = YES;
				CLANG_WARN_RANGE_LOOP_ANALYSIS = YES;
				CLANG_WARN_STRICT_PROTOTYPES = YES;
				CLANG_WARN_SUSPICIOUS_MOVE = YES;
				CLANG_WARN_UNGUARDED_AVAILABILITY = YES_AGGRESSIVE;
				CLANG_WARN_UNREACHABLE_CODE = YES;
				CLANG_WARN__DUPLICATE_METHOD_MATCH = YES;
				COPY_PHASE_STRIP = NO;
				DEBUG_INFORMATION_FORMAT = dwarf;
				ENABLE_STRICT_OBJC_MSGSEND = YES;
				ENABLE_TESTABILITY = YES;
				GCC_C_LANGUAGE_STANDARD = gnu11;
				GCC_DYNAMIC_NO_PIC = NO;
				GCC_NO_COMMON_BLOCKS = YES;
				GCC_OPTIMIZATION_LEVEL = 0;
				GCC_PREPROCESSOR_DEFINITIONS = (
					"DEBUG=1",
					"$(inherited)",
				);
				GCC_WARN_64_TO_32_BIT_CONVERSION = YES;
				GCC_WARN_ABOUT_RETURN_TYPE = YES_ERROR;
				GCC_WARN_UNDECLARED_SELECTOR = YES;
				GCC_WARN_UNINITIALIZED_AUTOS = YES_AGGRESSIVE;
				GCC_WARN_UNUSED_FUNCTION = YES;
				GCC_WARN_UNUSED_VARIABLE = YES;
				IPHONEOS_DEPLOYMENT_TARGET = 16.4;
				MTL_ENABLE_DEBUG_INFO = INCLUDE_SOURCE;
				MTL_FAST_MATH = YES;
				ONLY_ACTIVE_ARCH = YES;
				SDKROOT = iphoneos;
				SWIFT_ACTIVE_COMPILATION_CONDITIONS = DEBUG;
				SWIFT_OPTIMIZATION_LEVEL = "-Onone";
			};
			name = Debug;
		};
		B156896B2A064469004E0904 /* Release */ = {
			isa = XCBuildConfiguration;
			buildSettings = {
				ALWAYS_SEARCH_USER_PATHS = NO;
				CLANG_ANALYZER_NONNULL = YES;
				CLANG_ANALYZER_NUMBER_OBJECT_CONVERSION = YES_AGGRESSIVE;
				CLANG_CXX_LANGUAGE_STANDARD = "gnu++20";
				CLANG_ENABLE_MODULES = YES;
				CLANG_ENABLE_OBJC_ARC = YES;
				CLANG_ENABLE_OBJC_WEAK = YES;
				CLANG_WARN_BLOCK_CAPTURE_AUTORELEASING = YES;
				CLANG_WARN_BOOL_CONVERSION = YES;
				CLANG_WARN_COMMA = YES;
				CLANG_WARN_CONSTANT_CONVERSION = YES;
				CLANG_WARN_DEPRECATED_OBJC_IMPLEMENTATIONS = YES;
				CLANG_WARN_DIRECT_OBJC_ISA_USAGE = YES_ERROR;
				CLANG_WARN_DOCUMENTATION_COMMENTS = YES;
				CLANG_WARN_EMPTY_BODY = YES;
				CLANG_WARN_ENUM_CONVERSION = YES;
				CLANG_WARN_INFINITE_RECURSION = YES;
				CLANG_WARN_INT_CONVERSION = YES;
				CLANG_WARN_NON_LITERAL_NULL_CONVERSION = YES;
				CLANG_WARN_OBJC_IMPLICIT_RETAIN_SELF = YES;
				CLANG_WARN_OBJC_LITERAL_CONVERSION = YES;
				CLANG_WARN_OBJC_ROOT_CLASS = YES_ERROR;
				CLANG_WARN_QUOTED_INCLUDE_IN_FRAMEWORK_HEADER = YES;
				CLANG_WARN_RANGE_LOOP_ANALYSIS = YES;
				CLANG_WARN_STRICT_PROTOTYPES = YES;
				CLANG_WARN_SUSPICIOUS_MOVE = YES;
				CLANG_WARN_UNGUARDED_AVAILABILITY = YES_AGGRESSIVE;
				CLANG_WARN_UNREACHABLE_CODE = YES;
				CLANG_WARN__DUPLICATE_METHOD_MATCH = YES;
				COPY_PHASE_STRIP = NO;
				DEBUG_INFORMATION_FORMAT = "dwarf-with-dsym";
				ENABLE_NS_ASSERTIONS = NO;
				ENABLE_STRICT_OBJC_MSGSEND = YES;
				GCC_C_LANGUAGE_STANDARD = gnu11;
				GCC_NO_COMMON_BLOCKS = YES;
				GCC_WARN_64_TO_32_BIT_CONVERSION = YES;
				GCC_WARN_ABOUT_RETURN_TYPE = YES_ERROR;
				GCC_WARN_UNDECLARED_SELECTOR = YES;
				GCC_WARN_UNINITIALIZED_AUTOS = YES_AGGRESSIVE;
				GCC_WARN_UNUSED_FUNCTION = YES;
				GCC_WARN_UNUSED_VARIABLE = YES;
				IPHONEOS_DEPLOYMENT_TARGET = 16.4;
				MTL_ENABLE_DEBUG_INFO = NO;
				MTL_FAST_MATH = YES;
				SDKROOT = iphoneos;
				SWIFT_COMPILATION_MODE = wholemodule;
				SWIFT_OPTIMIZATION_LEVEL = "-O";
				VALIDATE_PRODUCT = YES;
			};
			name = Release;
		};
		B156896D2A064469004E0904 /* Debug */ = {
			isa = XCBuildConfiguration;
			buildSettings = {
				ASSETCATALOG_COMPILER_APPICON_NAME = AppIcon;
				ASSETCATALOG_COMPILER_GLOBAL_ACCENT_COLOR_NAME = AccentColor;
				CODE_SIGN_STYLE = Automatic;
				CURRENT_PROJECT_VERSION = 1;
				GENERATE_INFOPLIST_FILE = YES;
				INFOPLIST_FILE = Project15/Info.plist;
				INFOPLIST_KEY_UIApplicationSupportsIndirectInputEvents = YES;
				INFOPLIST_KEY_UILaunchStoryboardName = LaunchScreen;
				INFOPLIST_KEY_UIMainStoryboardFile = Main;
				INFOPLIST_KEY_UISupportedInterfaceOrientations_iPad = "UIInterfaceOrientationPortrait UIInterfaceOrientationPortraitUpsideDown UIInterfaceOrientationLandscapeLeft UIInterfaceOrientationLandscapeRight";
				INFOPLIST_KEY_UISupportedInterfaceOrientations_iPhone = "UIInterfaceOrientationPortrait UIInterfaceOrientationLandscapeLeft UIInterfaceOrientationLandscapeRight";
				LD_RUNPATH_SEARCH_PATHS = (
					"$(inherited)",
					"@executable_path/Frameworks",
				);
				MARKETING_VERSION = 1.0;
				PRODUCT_BUNDLE_IDENTIFIER = "-.Project15";
				PRODUCT_NAME = "$(TARGET_NAME)";
				SWIFT_EMIT_LOC_STRINGS = YES;
				SWIFT_VERSION = 5.0;
				TARGETED_DEVICE_FAMILY = "1,2";
			};
			name = Debug;
		};
		B156896E2A064469004E0904 /* Release */ = {
			isa = XCBuildConfiguration;
			buildSettings = {
				ASSETCATALOG_COMPILER_APPICON_NAME = AppIcon;
				ASSETCATALOG_COMPILER_GLOBAL_ACCENT_COLOR_NAME = AccentColor;
				CODE_SIGN_STYLE = Automatic;
				CURRENT_PROJECT_VERSION = 1;
				GENERATE_INFOPLIST_FILE = YES;
				INFOPLIST_FILE = Project15/Info.plist;
				INFOPLIST_KEY_UIApplicationSupportsIndirectInputEvents = YES;
				INFOPLIST_KEY_UILaunchStoryboardName = LaunchScreen;
				INFOPLIST_KEY_UIMainStoryboardFile = Main;
				INFOPLIST_KEY_UISupportedInterfaceOrientations_iPad = "UIInterfaceOrientationPortrait UIInterfaceOrientationPortraitUpsideDown UIInterfaceOrientationLandscapeLeft UIInterfaceOrientationLandscapeRight";
				INFOPLIST_KEY_UISupportedInterfaceOrientations_iPhone = "UIInterfaceOrientationPortrait UIInterfaceOrientationLandscapeLeft UIInterfaceOrientationLandscapeRight";
				LD_RUNPATH_SEARCH_PATHS = (
					"$(inherited)",
					"@executable_path/Frameworks",
				);
				MARKETING_VERSION = 1.0;
				PRODUCT_BUNDLE_IDENTIFIER = "-.Project15";
				PRODUCT_NAME = "$(TARGET_NAME)";
				SWIFT_EMIT_LOC_STRINGS = YES;
				SWIFT_VERSION = 5.0;
				TARGETED_DEVICE_FAMILY = "1,2";
			};
			name = Release;
		};
		B15689702A064469004E0904 /* Debug */ = {
			isa = XCBuildConfiguration;
			buildSettings = {
				ALWAYS_EMBED_SWIFT_STANDARD_LIBRARIES = YES;
				BUNDLE_LOADER = "$(TEST_HOST)";
				CODE_SIGN_STYLE = Automatic;
				CURRENT_PROJECT_VERSION = 1;
				GENERATE_INFOPLIST_FILE = YES;
				IPHONEOS_DEPLOYMENT_TARGET = 16.4;
				MARKETING_VERSION = 1.0;
				PRODUCT_BUNDLE_IDENTIFIER = "-.Project15Tests";
				PRODUCT_NAME = "$(TARGET_NAME)";
				SWIFT_EMIT_LOC_STRINGS = NO;
				SWIFT_VERSION = 5.0;
				TARGETED_DEVICE_FAMILY = "1,2";
				TEST_HOST = "$(BUILT_PRODUCTS_DIR)/Project15.app/$(BUNDLE_EXECUTABLE_FOLDER_PATH)/Project15";
			};
			name = Debug;
		};
		B15689712A064469004E0904 /* Release */ = {
			isa = XCBuildConfiguration;
			buildSettings = {
				ALWAYS_EMBED_SWIFT_STANDARD_LIBRARIES = YES;
				BUNDLE_LOADER = "$(TEST_HOST)";
				CODE_SIGN_STYLE = Automatic;
				CURRENT_PROJECT_VERSION = 1;
				GENERATE_INFOPLIST_FILE = YES;
				IPHONEOS_DEPLOYMENT_TARGET = 16.4;
				MARKETING_VERSION = 1.0;
				PRODUCT_BUNDLE_IDENTIFIER = "-.Project15Tests";
				PRODUCT_NAME = "$(TARGET_NAME)";
				SWIFT_EMIT_LOC_STRINGS = NO;
				SWIFT_VERSION = 5.0;
				TARGETED_DEVICE_FAMILY = "1,2";
				TEST_HOST = "$(BUILT_PRODUCTS_DIR)/Project15.app/$(BUNDLE_EXECUTABLE_FOLDER_PATH)/Project15";
			};
			name = Release;
		};
		B15689732A064469004E0904 /* Debug */ = {
			isa = XCBuildConfiguration;
			buildSettings = {
				ALWAYS_EMBED_SWIFT_STANDARD_LIBRARIES = YES;
				CODE_SIGN_STYLE = Automatic;
				CURRENT_PROJECT_VERSION = 1;
				GENERATE_INFOPLIST_FILE = YES;
				MARKETING_VERSION = 1.0;
				PRODUCT_BUNDLE_IDENTIFIER = "-.Project15UITests";
				PRODUCT_NAME = "$(TARGET_NAME)";
				SWIFT_EMIT_LOC_STRINGS = NO;
				SWIFT_VERSION = 5.0;
				TARGETED_DEVICE_FAMILY = "1,2";
				TEST_TARGET_NAME = Project15;
			};
			name = Debug;
		};
		B15689742A064469004E0904 /* Release */ = {
			isa = XCBuildConfiguration;
			buildSettings = {
				ALWAYS_EMBED_SWIFT_STANDARD_LIBRARIES = YES;
				CODE_SIGN_STYLE = Automatic;
				CURRENT_PROJECT_VERSION = 1;
				GENERATE_INFOPLIST_FILE = YES;
				MARKETING_VERSION = 1.0;
				PRODUCT_BUNDLE_IDENTIFIER = "-.Project15UITests";
				PRODUCT_NAME = "$(TARGET_NAME)";
				SWIFT_EMIT_LOC_STRINGS = NO;
				SWIFT_VERSION = 5.0;
				TARGETED_DEVICE_FAMILY = "1,2";
				TEST_TARGET_NAME = Project15;
			};
			name = Release;
		};
/* End XCBuildConfiguration section */

/* Begin XCConfigurationList section */
		B156893D2A064468004E0904 /* Build configuration list for PBXProject "Project15" */ = {
			isa = XCConfigurationList;
			buildConfigurations = (
				B156896A2A064469004E0904 /* Debug */,
				B156896B2A064469004E0904 /* Release */,
			);
			defaultConfigurationIsVisible = 0;
			defaultConfigurationName = Release;
		};
		B156896C2A064469004E0904 /* Build configuration list for PBXNativeTarget "Project15" */ = {
			isa = XCConfigurationList;
			buildConfigurations = (
				B156896D2A064469004E0904 /* Debug */,
				B156896E2A064469004E0904 /* Release */,
			);
			defaultConfigurationIsVisible = 0;
			defaultConfigurationName = Release;
		};
		B156896F2A064469004E0904 /* Build configuration list for PBXNativeTarget "Project15Tests" */ = {
			isa = XCConfigurationList;
			buildConfigurations = (
				B15689702A064469004E0904 /* Debug */,
				B15689712A064469004E0904 /* Release */,
			);
			defaultConfigurationIsVisible = 0;
			defaultConfigurationName = Release;
		};
		B15689722A064469004E0904 /* Build configuration list for PBXNativeTarget "Project15UITests" */ = {
			isa = XCConfigurationList;
			buildConfigurations = (
				B15689732A064469004E0904 /* Debug */,
				B15689742A064469004E0904 /* Release */,
			);
			defaultConfigurationIsVisible = 0;
			defaultConfigurationName = Release;
		};
/* End XCConfigurationList section */
	};
	rootObject = B156893A2A064468004E0904 /* Project object */;
}
